{
  "name": "ch12-tansducing",
  "version": "1.0.0",
  "lockfileVersion": 1,
  "requires": true,
  "dependencies": {
    "transducers-js": {
      "version": "0.4.174",
      "resolved": "https://registry.npmjs.org/transducers-js/-/transducers-js-0.4.174.tgz",
      "integrity": "sha1-1YYsEO/0vj0zIqv2u3QuMPG7b8Q=",
      "dev": true
    }
  }
}
