{
  "name": "ch10-functional-async",
  "version": "1.0.0",
  "lockfileVersion": 1,
  "requires": true,
  "dependencies": {
    "rxjs": {
      "version": "6.5.4",
      "resolved": "https://registry.npmjs.org/rxjs/-/rxjs-6.5.4.tgz",
      "integrity": "sha512-naMQXcgEo3csAEGvw/NydRA0fuS2nDZJiw1YUWFKU7aPPAPGZEsD4Iimit96qwCieH6y614MCLYwdkrWx7z/7Q==",
      "dev": true,
      "requires": {
        "tslib": "^1.9.0"
      }
    },
    "rxjs-compat": {
      "version": "6.5.4",
      "resolved": "https://registry.npmjs.org/rxjs-compat/-/rxjs-compat-6.5.4.tgz",
      "integrity": "sha512-rkn+lbOHUQOurdd74J/hjmDsG9nFx0z66fvnbs8M95nrtKvNqCKdk7iZqdY51CGmDemTQk+kUPy4s8HVOHtkfA==",
      "dev": true
    },
    "rxjs-operators": {
      "version": "1.1.3",
      "resolved": "https://registry.npmjs.org/rxjs-operators/-/rxjs-operators-1.1.3.tgz",
      "integrity": "sha512-2aIIEgsH4Wbii8WoyEMniHGzrmFnBKD4jJUke8nCcowj3mL7+7Bx5IQEkYbdkNMO5Z5MZ0uHzu0LhU1SXhAIbg==",
      "dev": true
    },
    "tslib": {
      "version": "1.11.1",
      "resolved": "https://registry.npmjs.org/tslib/-/tslib-1.11.1.tgz",
      "integrity": "sha512-aZW88SY8kQbU7gpV19lN24LtXh/yD4ZZg6qieAJDDg+YBsJcSmLGK9QpnUjAKVG/xefmvJGd1WUmfpT/g6AJGA==",
      "dev": true
    }
  }
}
