{
  "requires": true,
  "lockfileVersion": 1,
  "dependencies": {
    "@sinonjs/commons": {
      "version": "1.0.2",
      "resolved": "https://devops.bt.siemens.com/artifactory/api/npm/npm-all/@sinonjs/commons/-/commons-1.0.2.tgz",
      "integrity": "sha1-PgrHN3gWJ7iEQlf63D2AOZfQUm4=",
      "requires": {
        "type-detect": "4.0.8"
      }
    },
    "@sinonjs/formatio": {
      "version": "2.0.0",
      "resolved": "https://devops.bt.siemens.com/artifactory/api/npm/npm-all/@sinonjs/formatio/-/formatio-2.0.0.tgz",
      "integrity": "sha1-hNt+nrVTHfGKjF4L+25EnlXmVLI=",
      "requires": {
        "samsam": "1.3.0"
      }
    },
    "@sinonjs/samsam": {
      "version": "2.0.0",
      "resolved": "https://devops.bt.siemens.com/artifactory/api/npm/npm-all/@sinonjs/samsam/-/samsam-2.0.0.tgz",
      "integrity": "sha1-kWN0KsNcEtNgLeznQxdkOzXbaoA="
    },
    "assertion-error": {
      "version": "1.1.0",
      "resolved": "https://devops.bt.siemens.com/artifactory/api/npm/npm-all/assertion-error/-/assertion-error-1.1.0.tgz",
      "integrity": "sha1-5gtrDo8wG9l+U3UhW9pAbIURjAs="
    },
    "chai": {
      "version": "4.1.2",
      "resolved": "https://devops.bt.siemens.com/artifactory/api/npm/npm-all/chai/-/chai-4.1.2.tgz",
      "integrity": "sha1-D2RYS6ZC8PKs4oBiefTwbKI61zw=",
      "requires": {
        "assertion-error": "^1.0.1",
        "check-error": "^1.0.1",
        "deep-eql": "^3.0.0",
        "get-func-name": "^2.0.0",
        "pathval": "^1.0.0",
        "type-detect": "^4.0.0"
      }
    },
    "chai-as-promised": {
      "version": "7.1.1",
      "resolved": "https://devops.bt.siemens.com/artifactory/api/npm/npm-all/chai-as-promised/-/chai-as-promised-7.1.1.tgz",
      "integrity": "sha1-CGRdgl3rhpbuYXJdv1kMAS6wDKA=",
      "requires": {
        "check-error": "^1.0.2"
      }
    },
    "check-error": {
      "version": "1.0.2",
      "resolved": "https://devops.bt.siemens.com/artifactory/api/npm/npm-all/check-error/-/check-error-1.0.2.tgz",
      "integrity": "sha1-V00xLt2Iu13YkS6Sht1sCu1KrII="
    },
    "deep-eql": {
      "version": "3.0.1",
      "resolved": "https://devops.bt.siemens.com/artifactory/api/npm/npm-all/deep-eql/-/deep-eql-3.0.1.tgz",
      "integrity": "sha1-38lARACtHI/gI+faHfHBR8S0RN8=",
      "requires": {
        "type-detect": "^4.0.0"
      }
    },
    "diff": {
      "version": "3.5.0",
      "resolved": "https://devops.bt.siemens.com/artifactory/api/npm/npm-all/diff/-/diff-3.5.0.tgz",
      "integrity": "sha1-gAwN0eCov7yVg1wgKtIg/jF+WhI="
    },
    "dom-walk": {
      "version": "0.1.1",
      "resolved": "https://devops.bt.siemens.com/artifactory/api/npm/npm-all/dom-walk/-/dom-walk-0.1.1.tgz",
      "integrity": "sha1-ZyIm3HTI95mtNTB9+TaroRrNYBg="
    },
    "flatmap": {
      "version": "0.0.3",
      "resolved": "https://devops.bt.siemens.com/artifactory/api/npm/npm-all/flatmap/-/flatmap-0.0.3.tgz",
      "integrity": "sha1-Hxik2TgVLUlZZfnJWNkjqy3WabQ="
    },
    "get-func-name": {
      "version": "2.0.0",
      "resolved": "https://devops.bt.siemens.com/artifactory/api/npm/npm-all/get-func-name/-/get-func-name-2.0.0.tgz",
      "integrity": "sha1-6td0q+5y4gQJQzoGY2YCPdaIekE="
    },
    "global": {
      "version": "4.3.2",
      "resolved": "https://devops.bt.siemens.com/artifactory/api/npm/npm-all/global/-/global-4.3.2.tgz",
      "integrity": "sha1-52mJJopsdMOJCLEwWxD8DjlOnQ8=",
      "requires": {
        "min-document": "^2.19.0",
        "process": "~0.5.1"
      }
    },
    "has-flag": {
      "version": "3.0.0",
      "resolved": "https://devops.bt.siemens.com/artifactory/api/npm/npm-all/has-flag/-/has-flag-3.0.0.tgz",
      "integrity": "sha1-tdRU3CGZriJWmfNGfloH87lVuv0="
    },
    "isarray": {
      "version": "0.0.1",
      "resolved": "https://devops.bt.siemens.com/artifactory/api/npm/npm-all/isarray/-/isarray-0.0.1.tgz",
      "integrity": "sha1-ihis/Kmo9Bd+Cav8YDiTmwXR7t8="
    },
    "just-extend": {
      "version": "3.0.0",
      "resolved": "https://devops.bt.siemens.com/artifactory/api/npm/npm-all/just-extend/-/just-extend-3.0.0.tgz",
      "integrity": "sha1-zuAEAx6qv2QG2gOnuE5P6deO8og="
    },
    "location-href": {
      "version": "1.0.0",
      "resolved": "https://devops.bt.siemens.com/artifactory/api/npm/npm-all/location-href/-/location-href-1.0.0.tgz",
      "integrity": "sha1-qmsXnrqthwHth+LnGn0+y8TQsrs=",
      "requires": {
        "global": "~4.3.0"
      }
    },
    "lodash": {
      "version": "4.17.11",
      "resolved": "https://devops.bt.siemens.com/artifactory/api/npm/npm-all/lodash/-/lodash-4.17.11.tgz",
      "integrity": "sha1-s56mIp72B+zYniyN8SU2iRysm40="
    },
    "lodash.get": {
      "version": "4.4.2",
      "resolved": "https://devops.bt.siemens.com/artifactory/api/npm/npm-all/lodash.get/-/lodash.get-4.4.2.tgz",
      "integrity": "sha1-LRd/ZS+jHpObRDjVNBSZ36OCXpk="
    },
    "lolex": {
      "version": "2.7.4",
      "resolved": "https://devops.bt.siemens.com/artifactory/api/npm/npm-all/lolex/-/lolex-2.7.4.tgz",
      "integrity": "sha1-ZRTeLDKR6dbwnUndzkqV99TVqT8="
    },
    "min-document": {
      "version": "2.19.0",
      "resolved": "https://devops.bt.siemens.com/artifactory/api/npm/npm-all/min-document/-/min-document-2.19.0.tgz",
      "integrity": "sha1-e9KC4/WELtKVu3SM3Z8f+iyCRoU=",
      "requires": {
        "dom-walk": "^0.1.0"
      }
    },
    "nise": {
      "version": "1.4.4",
      "resolved": "https://devops.bt.siemens.com/artifactory/api/npm/npm-all/nise/-/nise-1.4.4.tgz",
      "integrity": "sha1-uNndNTNMmeUUt15G/MOONYyuzdA=",
      "requires": {
        "@sinonjs/formatio": "^2.0.0",
        "just-extend": "^3.0.0",
        "lolex": "^2.3.2",
        "path-to-regexp": "^1.7.0",
        "text-encoding": "^0.6.4"
      }
    },
    "path-to-regexp": {
      "version": "1.7.0",
      "resolved": "https://devops.bt.siemens.com/artifactory/api/npm/npm-all/path-to-regexp/-/path-to-regexp-1.7.0.tgz",
      "integrity": "sha1-Wf3g9DW62suhA6hOnTvGTpa5k30=",
      "requires": {
        "isarray": "0.0.1"
      }
    },
    "pathval": {
      "version": "1.1.0",
      "resolved": "https://devops.bt.siemens.com/artifactory/api/npm/npm-all/pathval/-/pathval-1.1.0.tgz",
      "integrity": "sha1-uULm1L3mUwBe9rcTYd74cn0GReA="
    },
    "process": {
      "version": "0.5.2",
      "resolved": "https://devops.bt.siemens.com/artifactory/api/npm/npm-all/process/-/process-0.5.2.tgz",
      "integrity": "sha1-FjjYqONML0QKkduVq5rrZ3/Bhc8="
    },
    "punycode": {
      "version": "1.3.2",
      "resolved": "https://devops.bt.siemens.com/artifactory/api/npm/npm-all/punycode/-/punycode-1.3.2.tgz",
      "integrity": "sha1-llOgNvt8HuQjQvIyXM7v6jkmxI0="
    },
    "querystring": {
      "version": "0.2.0",
      "resolved": "https://devops.bt.siemens.com/artifactory/api/npm/npm-all/querystring/-/querystring-0.2.0.tgz",
      "integrity": "sha1-sgmEkgO7Jd+CDadW50cAWHhSFiA="
    },
    "rx-cancellable": {
      "version": "0.3.2",
      "resolved": "https://registry.npmjs.org/rx-cancellable/-/rx-cancellable-0.3.2.tgz",
      "integrity": "sha512-Jy1Nx3RzO4BEMr21/2ZVYoA+WVIQ7SV+bzGY9kvZUrJ3E/4UQJpz/wV3zmbX1kW6H6vyzr5R3fL2h/eu6SSyPw==",
      "dev": true
    },
    "rx-scheduler": {
      "version": "0.3.0",
      "resolved": "https://registry.npmjs.org/rx-scheduler/-/rx-scheduler-0.3.0.tgz",
      "integrity": "sha512-I6ufvFlUPTxmxLM2wfn78HwbyG5tFVBT6mh+lJ3I7ZfLGynGUDsxdNbWyRK3tot4d9AIheeU09DCQTq8BqQ0fA==",
      "dev": true,
      "requires": {
        "rx-cancellable": "^0.3.2"
      }
    },
    "samsam": {
      "version": "1.3.0",
      "resolved": "https://devops.bt.siemens.com/artifactory/api/npm/npm-all/samsam/-/samsam-1.3.0.tgz",
      "integrity": "sha1-jR2TUOJWItow3j5EumkrUiGrfFA="
    },
    "sinon": {
      "version": "6.2.0",
      "resolved": "https://devops.bt.siemens.com/artifactory/api/npm/npm-all/sinon/-/sinon-6.2.0.tgz",
      "integrity": "sha1-7JWvOoiutFHwJ18UIT5unwZoeeI=",
      "requires": {
        "@sinonjs/commons": "^1.0.2",
        "@sinonjs/formatio": "^2.0.0",
        "@sinonjs/samsam": "^2.0.0",
        "diff": "^3.5.0",
        "lodash.get": "^4.4.2",
        "lolex": "^2.7.2",
        "nise": "^1.4.4",
        "supports-color": "^5.5.0",
        "type-detect": "^4.0.8"
      }
    },
    "supports-color": {
      "version": "5.5.0",
      "resolved": "https://devops.bt.siemens.com/artifactory/api/npm/npm-all/supports-color/-/supports-color-5.5.0.tgz",
      "integrity": "sha1-4uaaRKyHcveKHsCzW2id9lMO/I8=",
      "requires": {
        "has-flag": "^3.0.0"
      }
    },
    "text-encoding": {
      "version": "0.6.4",
      "resolved": "https://devops.bt.siemens.com/artifactory/api/npm/npm-all/text-encoding/-/text-encoding-0.6.4.tgz",
      "integrity": "sha1-45mpgiV6J22uQou5KEXLcb3CbRk="
    },
    "type-detect": {
      "version": "4.0.8",
      "resolved": "https://devops.bt.siemens.com/artifactory/api/npm/npm-all/type-detect/-/type-detect-4.0.8.tgz",
      "integrity": "sha1-dkb7XxiHHPu3dJ5pvTmmOI63RQw="
    },
    "undefined": {
      "version": "0.1.0",
      "resolved": "https://devops.bt.siemens.com/artifactory/api/npm/npm-all/undefined/-/undefined-0.1.0.tgz",
      "integrity": "sha1-m3BqSzKtMMIMpP5l3cu72sMr3tA="
    },
    "url": {
      "version": "0.11.0",
      "resolved": "https://devops.bt.siemens.com/artifactory/api/npm/npm-all/url/-/url-0.11.0.tgz",
      "integrity": "sha1-ODjpfPxgUh63PFJajlW/3Z4uKPE=",
      "requires": {
        "punycode": "1.3.2",
        "querystring": "0.2.0"
      }
    },
    "xmlhttprequest": {
      "version": "1.8.0",
      "resolved": "https://devops.bt.siemens.com/artifactory/api/npm/npm-all/xmlhttprequest/-/xmlhttprequest-1.8.0.tgz",
      "integrity": "sha1-Z/4HXFwk/vOfnWX197f+dRcZaPw="
    }
  }
}
