{
  "name": "temporal-api",
  "version": "1.0.0",
  "lockfileVersion": 2,
  "requires": true,
  "packages": {
    "": {
      "name": "temporal-api",
      "version": "1.0.0",
      "license": "ISC",
      "dependencies": {
        "@js-temporal/polyfill": "^0.4.1"
      }
    },
    "node_modules/@js-temporal/polyfill": {
      "version": "0.4.1",
      "resolved": "https://registry.npmjs.org/@js-temporal/polyfill/-/polyfill-0.4.1.tgz",
      "integrity": "sha512-q45ecIocpa2TLem2jNOsCrDwP/sgKZdSkt+C1Rx07OkdKsdbvVfHcD1iDiK9scxBZrBQ38uJ8VQISXBS70ql1w==",
      "dependencies": {
        "jsbi": "^4.1.0",
        "tslib": "^2.3.1"
      },
      "engines": {
        "node": ">=12"
      }
    },
    "node_modules/jsbi": {
      "version": "4.3.0",
      "resolved": "https://registry.npmjs.org/jsbi/-/jsbi-4.3.0.tgz",
      "integrity": "sha512-SnZNcinB4RIcnEyZqFPdGPVgrg2AcnykiBy0sHVJQKHYeaLUvi3Exj+iaPpLnFVkDPZIV4U0yvgC9/R4uEAZ9g=="
    },
    "node_modules/tslib": {
      "version": "2.4.0",
      "resolved": "https://registry.npmjs.org/tslib/-/tslib-2.4.0.tgz",
      "integrity": "sha512-d6xOpEDfsi2CZVlPQzGeux8XMwLT9hssAsaPYExaQMuYskwb+x1x7J371tWlbBdWHroy99KnVB6qIkUbs5X3UQ=="
    }
  },
  "dependencies": {
    "@js-temporal/polyfill": {
      "version": "0.4.1",
      "resolved": "https://registry.npmjs.org/@js-temporal/polyfill/-/polyfill-0.4.1.tgz",
      "integrity": "sha512-q45ecIocpa2TLem2jNOsCrDwP/sgKZdSkt+C1Rx07OkdKsdbvVfHcD1iDiK9scxBZrBQ38uJ8VQISXBS70ql1w==",
      "requires": {
        "jsbi": "^4.1.0",
        "tslib": "^2.3.1"
      }
    },
    "jsbi": {
      "version": "4.3.0",
      "resolved": "https://registry.npmjs.org/jsbi/-/jsbi-4.3.0.tgz",
      "integrity": "sha512-SnZNcinB4RIcnEyZqFPdGPVgrg2AcnykiBy0sHVJQKHYeaLUvi3Exj+iaPpLnFVkDPZIV4U0yvgC9/R4uEAZ9g=="
    },
    "tslib": {
      "version": "2.4.0",
      "resolved": "https://registry.npmjs.org/tslib/-/tslib-2.4.0.tgz",
      "integrity": "sha512-d6xOpEDfsi2CZVlPQzGeux8XMwLT9hssAsaPYExaQMuYskwb+x1x7J371tWlbBdWHroy99KnVB6qIkUbs5X3UQ=="
    }
  }
}
